
Microsoft Visual Studio Solution File, Format Version 12.00
# Visual Studio Version 17
VisualStudioVersion = 17.13.35919.96
MinimumVisualStudioVersion = 10.0.40219.1
Project("{2150E333-8FDC-42A3-9474-1A3956D46DE8}") = "src", "src", "{02EA681E-C7D8-13C7-8484-4AC65E1B71E8}"
EndProject
Project("{2150E333-8FDC-42A3-9474-1A3956D46DE8}") = "tests", "tests", "{785BEAF7-D2D4-406C-8FD0-2EE985D5EB6C}"
EndProject
Project("{FAE04EC0-301F-11D3-BF4B-00C04F79EFBC}") = "Blog.Domain", "src\Blog.Domain\Blog.Domain.csproj", "{5EB25DD8-589F-4BD2-8F34-BF148BBAD3C3}"
EndProject
Project("{FAE04EC0-301F-11D3-BF4B-00C04F79EFBC}") = "Blog.Infrastructure", "src\Blog.Infrastructure\Blog.Infrastructure.csproj", "{A632DDFF-A494-41CC-B357-C7FE6E08C8A8}"
EndProject
Project("{FAE04EC0-301F-11D3-BF4B-00C04F79EFBC}") = "Blog.Api", "src\Blog.Api\Blog.Api.csproj", "{E0547BC1-564A-41D6-A3EF-D6862674CD50}"
EndProject
Global
	GlobalSection(SolutionConfigurationPlatforms) = preSolution
		Debug|Any CPU = Debug|Any CPU
		Release|Any CPU = Release|Any CPU
	EndGlobalSection
	GlobalSection(ProjectConfigurationPlatforms) = postSolution
		{5EB25DD8-589F-4BD2-8F34-BF148BBAD3C3}.Debug|Any CPU.ActiveCfg = Debug|Any CPU
		{5EB25DD8-589F-4BD2-8F34-BF148BBAD3C3}.Debug|Any CPU.Build.0 = Debug|Any CPU
		{5EB25DD8-589F-4BD2-8F34-BF148BBAD3C3}.Release|Any CPU.ActiveCfg = Release|Any CPU
		{5EB25DD8-589F-4BD2-8F34-BF148BBAD3C3}.Release|Any CPU.Build.0 = Release|Any CPU
		{A632DDFF-A494-41CC-B357-C7FE6E08C8A8}.Debug|Any CPU.ActiveCfg = Debug|Any CPU
		{A632DDFF-A494-41CC-B357-C7FE6E08C8A8}.Debug|Any CPU.Build.0 = Debug|Any CPU
		{A632DDFF-A494-41CC-B357-C7FE6E08C8A8}.Release|Any CPU.ActiveCfg = Release|Any CPU
		{A632DDFF-A494-41CC-B357-C7FE6E08C8A8}.Release|Any CPU.Build.0 = Release|Any CPU
		{E0547BC1-564A-41D6-A3EF-D6862674CD50}.Debug|Any CPU.ActiveCfg = Debug|Any CPU
		{E0547BC1-564A-41D6-A3EF-D6862674CD50}.Debug|Any CPU.Build.0 = Debug|Any CPU
		{E0547BC1-564A-41D6-A3EF-D6862674CD50}.Release|Any CPU.ActiveCfg = Release|Any CPU
		{E0547BC1-564A-41D6-A3EF-D6862674CD50}.Release|Any CPU.Build.0 = Release|Any CPU
	EndGlobalSection
	GlobalSection(SolutionProperties) = preSolution
		HideSolutionNode = FALSE
	EndGlobalSection
	GlobalSection(NestedProjects) = preSolution
		{5EB25DD8-589F-4BD2-8F34-BF148BBAD3C3} = {02EA681E-C7D8-13C7-8484-4AC65E1B71E8}
		{A632DDFF-A494-41CC-B357-C7FE6E08C8A8} = {02EA681E-C7D8-13C7-8484-4AC65E1B71E8}
		{E0547BC1-564A-41D6-A3EF-D6862674CD50} = {02EA681E-C7D8-13C7-8484-4AC65E1B71E8}
	EndGlobalSection
	GlobalSection(ExtensibilityGlobals) = postSolution
		SolutionGuid = {F915510F-7735-45BB-9E71-ACAE8730DAAA}
	EndGlobalSection
EndGlobal
